Microsoft Visual Studio Solution File, Format Version 9.00
# Visual Studio 2005
Project("{FAE04EC0-301F-11D3-BF4B-00C04F79EFBC}") = "WindowsApplication1", "WindowsApplication1\WindowsApplication1.csproj", "{D65B98B2-9979-4596-BDAC-679FBE4517EF}"
	ProjectSection(WebsiteProperties) = preProject
		Debug.AspNetCompiler.Debug = "True"
		Release.AspNetCompiler.Debug = "False"
	EndProjectSection
EndProject
Global
	GlobalSection(SolutionConfigurationPlatforms) = preSolution
		Debug|Any CPU = Debug|Any CPU
		Release|Any CPU = Release|Any CPU
	EndGlobalSection
	GlobalSection(ProjectConfigurationPlatforms) = postSolution
		{D65B98B2-9979-4596-BDAC-679FBE4517EF}.Debug|Any CPU.ActiveCfg = Debug|Any CPU
		{D65B98B2-9979-4596-BDAC-679FBE4517EF}.Debug|Any CPU.Build.0 = Debug|Any CPU
		{D65B98B2-9979-4596-BDAC-679FBE4517EF}.Release|Any CPU.ActiveCfg = Release|Any CPU
		{D65B98B2-9979-4596-BDAC-679FBE4517EF}.Release|Any CPU.Build.0 = Release|Any CPU
	EndGlobalSection
	GlobalSection(SolutionProperties) = preSolution
		HideSolutionNode = FALSE
	EndGlobalSection
EndGlobal
